
Microsoft Visual Studio Solution File, Format Version 12.00
# Visual Studio 2012
Project("{FAE04EC0-301F-11D3-BF4B-00C04F79EFBC}") = "Fly_v01", "Fly_v01\Fly_v01.csproj", "{93F455D7-3784-43D2-BF5C-E43F94B3EC0C}"
EndProject
Project("{FAE04EC0-301F-11D3-BF4B-00C04F79EFBC}") = "Fly_v02", "Fly_v02\Fly_v02.csproj", "{734A6484-F18B-4F58-93B5-15B6C9E1034E}"
EndProject
Project("{FAE04EC0-301F-11D3-BF4B-00C04F79EFBC}") = "Fly_v03", "Fly_v03\Fly_v03.csproj", "{AF18EBC7-388D-48A2-B82E-7FD93F0FC20F}"
EndProject
Project("{FAE04EC0-301F-11D3-BF4B-00C04F79EFBC}") = "Fly_v04", "Fly_v04\Fly_v04.csproj", "{E56ECBC6-E8BF-4B8C-9F26-F708A16AC21C}"
EndProject
Project("{FAE04EC0-301F-11D3-BF4B-00C04F79EFBC}") = "Fly_v05", "Fly_v05\Fly_v05.csproj", "{E45EDC3B-25F2-4F81-A4DF-E08690509A45}"
EndProject
Project("{FAE04EC0-301F-11D3-BF4B-00C04F79EFBC}") = "Fly_v06", "Fly_v06\Fly_v06.csproj", "{C40A74EB-B5C0-4B84-873D-F237A41AF30B}"
EndProject
Project("{FAE04EC0-301F-11D3-BF4B-00C04F79EFBC}") = "Fly_v07", "Fly_v07\Fly_v07.csproj", "{418EC633-49BC-4DA5-8EA3-157B9C75B1E4}"
EndProject
Project("{FAE04EC0-301F-11D3-BF4B-00C04F79EFBC}") = "Fly_v08", "Fly_v08\Fly_v08.csproj", "{6C79BCDF-0DEF-4184-8012-69796096A3E5}"
EndProject
Project("{FAE04EC0-301F-11D3-BF4B-00C04F79EFBC}") = "Fly_v09", "Fly_v09\Fly_v09.csproj", "{A9080CAB-066C-429B-B910-F9CC93B8AC67}"
EndProject
Project("{FAE04EC0-301F-11D3-BF4B-00C04F79EFBC}") = "Fly_v10", "Fly_v10\Fly_v10.csproj", "{6E47E478-C65B-45FA-BAE9-22D957DB6F08}"
EndProject
Project("{FAE04EC0-301F-11D3-BF4B-00C04F79EFBC}") = "Fly_v11", "Fly_v11\Fly_v11.csproj", "{B301967E-99BE-486E-BCEA-C6A9D1CECDDE}"
EndProject
Project("{FAE04EC0-301F-11D3-BF4B-00C04F79EFBC}") = "Fly_v12", "Fly_v12\Fly_v12.csproj", "{7EFEEDB8-5B1F-4B8A-BC6A-24779B70211D}"
EndProject
Project("{FAE04EC0-301F-11D3-BF4B-00C04F79EFBC}") = "Fly_v13", "Fly_v13\Fly_v13.csproj", "{E05DDD91-06A3-492C-8784-E663361040DD}"
EndProject
Project("{FAE04EC0-301F-11D3-BF4B-00C04F79EFBC}") = "Fly_v15", "Fly_v15\Fly_v15.csproj", "{290A83DF-D29B-4EF8-A53C-D89FBCBDFF23}"
EndProject
Project("{FAE04EC0-301F-11D3-BF4B-00C04F79EFBC}") = "Fly_v16", "Fly_v16\Fly_v16.csproj", "{1CC31452-42E5-422C-AB07-BB1AE1A3135E}"
EndProject
Project("{FAE04EC0-301F-11D3-BF4B-00C04F79EFBC}") = "Fly_v18", "Fly_v18\Fly_v18.csproj", "{74CE9426-3BC8-4709-B23B-8010D5F42965}"
EndProject
Project("{FAE04EC0-301F-11D3-BF4B-00C04F79EFBC}") = "Fly_v19", "Fly_v19\Fly_v19.csproj", "{8F2BCB8E-B9AA-41CD-B1EB-3446241EDEBE}"
EndProject
Project("{FAE04EC0-301F-11D3-BF4B-00C04F79EFBC}") = "Fly_v20", "Fly_v20\Fly_v20.csproj", "{DB7F4DDC-FC59-47D5-BDB5-0A1609B91791}"
EndProject
Project("{FAE04EC0-301F-11D3-BF4B-00C04F79EFBC}") = "Fly_v21", "Fly_v21\Fly_v21.csproj", "{C768C880-D891-428D-BCE2-5141071A2497}"
EndProject
Project("{FAE04EC0-301F-11D3-BF4B-00C04F79EFBC}") = "Fly_v22", "Fly_v22\Fly_v22.csproj", "{84868EFB-9133-4973-B129-408878FE776B}"
EndProject
Project("{FAE04EC0-301F-11D3-BF4B-00C04F79EFBC}") = "Fly_v14", "Fly_v14\Fly_v14.csproj", "{E7803289-A2C5-4479-BF8E-39258D5F4E1B}"
EndProject
Project("{FAE04EC0-301F-11D3-BF4B-00C04F79EFBC}") = "Fly_v17", "Fly_v17\Fly_v17.csproj", "{EB58E10C-C427-4E87-AFDC-3D18879C63EC}"
EndProject
Project("{FAE04EC0-301F-11D3-BF4B-00C04F79EFBC}") = "Fly_v23", "Fly_v23\Fly_v23.csproj", "{DBD30462-4DC5-452B-B355-FACE8065EF53}"
EndProject
Project("{FAE04EC0-301F-11D3-BF4B-00C04F79EFBC}") = "Fly_v24", "Fly_v24\Fly_v24.csproj", "{A21BA8EF-AFE7-4F10-86F3-9BFB422C6A6B}"
EndProject
Global
	GlobalSection(SolutionConfigurationPlatforms) = preSolution
		Debug|Any CPU = Debug|Any CPU
		Debug|x64 = Debug|x64
		Debug|x86 = Debug|x86
		Release|Any CPU = Release|Any CPU
		Release|x64 = Release|x64
		Release|x86 = Release|x86
	EndGlobalSection
	GlobalSection(ProjectConfigurationPlatforms) = postSolution
		{93F455D7-3784-43D2-BF5C-E43F94B3EC0C}.Debug|Any CPU.ActiveCfg = Debug|Any CPU
		{93F455D7-3784-43D2-BF5C-E43F94B3EC0C}.Debug|Any CPU.Build.0 = Debug|Any CPU
		{93F455D7-3784-43D2-BF5C-E43F94B3EC0C}.Debug|x64.ActiveCfg = Debug|Any CPU
		{93F455D7-3784-43D2-BF5C-E43F94B3EC0C}.Debug|x86.ActiveCfg = Debug|Any CPU
		{93F455D7-3784-43D2-BF5C-E43F94B3EC0C}.Release|Any CPU.ActiveCfg = Release|Any CPU
		{93F455D7-3784-43D2-BF5C-E43F94B3EC0C}.Release|Any CPU.Build.0 = Release|Any CPU
		{93F455D7-3784-43D2-BF5C-E43F94B3EC0C}.Release|x64.ActiveCfg = Release|Any CPU
		{93F455D7-3784-43D2-BF5C-E43F94B3EC0C}.Release|x86.ActiveCfg = Release|Any CPU
		{734A6484-F18B-4F58-93B5-15B6C9E1034E}.Debug|Any CPU.ActiveCfg = Debug|Any CPU
		{734A6484-F18B-4F58-93B5-15B6C9E1034E}.Debug|Any CPU.Build.0 = Debug|Any CPU
		{734A6484-F18B-4F58-93B5-15B6C9E1034E}.Debug|x64.ActiveCfg = Debug|Any CPU
		{734A6484-F18B-4F58-93B5-15B6C9E1034E}.Debug|x86.ActiveCfg = Debug|Any CPU
		{734A6484-F18B-4F58-93B5-15B6C9E1034E}.Release|Any CPU.ActiveCfg = Release|Any CPU
		{734A6484-F18B-4F58-93B5-15B6C9E1034E}.Release|Any CPU.Build.0 = Release|Any CPU
		{734A6484-F18B-4F58-93B5-15B6C9E1034E}.Release|x64.ActiveCfg = Release|Any CPU
		{734A6484-F18B-4F58-93B5-15B6C9E1034E}.Release|x86.ActiveCfg = Release|Any CPU
		{AF18EBC7-388D-48A2-B82E-7FD93F0FC20F}.Debug|Any CPU.ActiveCfg = Debug|Any CPU
		{AF18EBC7-388D-48A2-B82E-7FD93F0FC20F}.Debug|Any CPU.Build.0 = Debug|Any CPU
		{AF18EBC7-388D-48A2-B82E-7FD93F0FC20F}.Debug|x64.ActiveCfg = Debug|Any CPU
		{AF18EBC7-388D-48A2-B82E-7FD93F0FC20F}.Debug|x86.ActiveCfg = Debug|Any CPU
		{AF18EBC7-388D-48A2-B82E-7FD93F0FC20F}.Release|Any CPU.ActiveCfg = Release|Any CPU
		{AF18EBC7-388D-48A2-B82E-7FD93F0FC20F}.Release|Any CPU.Build.0 = Release|Any CPU
		{AF18EBC7-388D-48A2-B82E-7FD93F0FC20F}.Release|x64.ActiveCfg = Release|Any CPU
		{AF18EBC7-388D-48A2-B82E-7FD93F0FC20F}.Release|x86.ActiveCfg = Release|Any CPU
		{E56ECBC6-E8BF-4B8C-9F26-F708A16AC21C}.Debug|Any CPU.ActiveCfg = Debug|Any CPU
		{E56ECBC6-E8BF-4B8C-9F26-F708A16AC21C}.Debug|Any CPU.Build.0 = Debug|Any CPU
		{E56ECBC6-E8BF-4B8C-9F26-F708A16AC21C}.Debug|x64.ActiveCfg = Debug|Any CPU
		{E56ECBC6-E8BF-4B8C-9F26-F708A16AC21C}.Debug|x86.ActiveCfg = Debug|Any CPU
		{E56ECBC6-E8BF-4B8C-9F26-F708A16AC21C}.Release|Any CPU.ActiveCfg = Release|Any CPU
		{E56ECBC6-E8BF-4B8C-9F26-F708A16AC21C}.Release|Any CPU.Build.0 = Release|Any CPU
		{E56ECBC6-E8BF-4B8C-9F26-F708A16AC21C}.Release|x64.ActiveCfg = Release|Any CPU
		{E56ECBC6-E8BF-4B8C-9F26-F708A16AC21C}.Release|x86.ActiveCfg = Release|Any CPU
		{E45EDC3B-25F2-4F81-A4DF-E08690509A45}.Debug|Any CPU.ActiveCfg = Debug|Any CPU
		{E45EDC3B-25F2-4F81-A4DF-E08690509A45}.Debug|Any CPU.Build.0 = Debug|Any CPU
		{E45EDC3B-25F2-4F81-A4DF-E08690509A45}.Debug|x64.ActiveCfg = Debug|Any CPU
		{E45EDC3B-25F2-4F81-A4DF-E08690509A45}.Debug|x86.ActiveCfg = Debug|Any CPU
		{E45EDC3B-25F2-4F81-A4DF-E08690509A45}.Release|Any CPU.ActiveCfg = Release|Any CPU
		{E45EDC3B-25F2-4F81-A4DF-E08690509A45}.Release|Any CPU.Build.0 = Release|Any CPU
		{E45EDC3B-25F2-4F81-A4DF-E08690509A45}.Release|x64.ActiveCfg = Release|Any CPU
		{E45EDC3B-25F2-4F81-A4DF-E08690509A45}.Release|x86.ActiveCfg = Release|Any CPU
		{C40A74EB-B5C0-4B84-873D-F237A41AF30B}.Debug|Any CPU.ActiveCfg = Debug|Any CPU
		{C40A74EB-B5C0-4B84-873D-F237A41AF30B}.Debug|Any CPU.Build.0 = Debug|Any CPU
		{C40A74EB-B5C0-4B84-873D-F237A41AF30B}.Debug|x64.ActiveCfg = Debug|Any CPU
		{C40A74EB-B5C0-4B84-873D-F237A41AF30B}.Debug|x86.ActiveCfg = Debug|Any CPU
		{C40A74EB-B5C0-4B84-873D-F237A41AF30B}.Release|Any CPU.ActiveCfg = Release|Any CPU
		{C40A74EB-B5C0-4B84-873D-F237A41AF30B}.Release|Any CPU.Build.0 = Release|Any CPU
		{C40A74EB-B5C0-4B84-873D-F237A41AF30B}.Release|x64.ActiveCfg = Release|Any CPU
		{C40A74EB-B5C0-4B84-873D-F237A41AF30B}.Release|x86.ActiveCfg = Release|Any CPU
		{418EC633-49BC-4DA5-8EA3-157B9C75B1E4}.Debug|Any CPU.ActiveCfg = Debug|Any CPU
		{418EC633-49BC-4DA5-8EA3-157B9C75B1E4}.Debug|Any CPU.Build.0 = Debug|Any CPU
		{418EC633-49BC-4DA5-8EA3-157B9C75B1E4}.Debug|x64.ActiveCfg = Debug|Any CPU
		{418EC633-49BC-4DA5-8EA3-157B9C75B1E4}.Debug|x86.ActiveCfg = Debug|Any CPU
		{418EC633-49BC-4DA5-8EA3-157B9C75B1E4}.Release|Any CPU.ActiveCfg = Release|Any CPU
		{418EC633-49BC-4DA5-8EA3-157B9C75B1E4}.Release|Any CPU.Build.0 = Release|Any CPU
		{418EC633-49BC-4DA5-8EA3-157B9C75B1E4}.Release|x64.ActiveCfg = Release|Any CPU
		{418EC633-49BC-4DA5-8EA3-157B9C75B1E4}.Release|x86.ActiveCfg = Release|Any CPU
		{6C79BCDF-0DEF-4184-8012-69796096A3E5}.Debug|Any CPU.ActiveCfg = Debug|Any CPU
		{6C79BCDF-0DEF-4184-8012-69796096A3E5}.Debug|Any CPU.Build.0 = Debug|Any CPU
		{6C79BCDF-0DEF-4184-8012-69796096A3E5}.Debug|x64.ActiveCfg = Debug|Any CPU
		{6C79BCDF-0DEF-4184-8012-69796096A3E5}.Debug|x86.ActiveCfg = Debug|Any CPU
		{6C79BCDF-0DEF-4184-8012-69796096A3E5}.Release|Any CPU.ActiveCfg = Release|Any CPU
		{6C79BCDF-0DEF-4184-8012-69796096A3E5}.Release|Any CPU.Build.0 = Release|Any CPU
		{6C79BCDF-0DEF-4184-8012-69796096A3E5}.Release|x64.ActiveCfg = Release|Any CPU
		{6C79BCDF-0DEF-4184-8012-69796096A3E5}.Release|x86.ActiveCfg = Release|Any CPU
		{A9080CAB-066C-429B-B910-F9CC93B8AC67}.Debug|Any CPU.ActiveCfg = Debug|Any CPU
		{A9080CAB-066C-429B-B910-F9CC93B8AC67}.Debug|Any CPU.Build.0 = Debug|Any CPU
		{A9080CAB-066C-429B-B910-F9CC93B8AC67}.Debug|x64.ActiveCfg = Debug|Any CPU
		{A9080CAB-066C-429B-B910-F9CC93B8AC67}.Debug|x86.ActiveCfg = Debug|Any CPU
		{A9080CAB-066C-429B-B910-F9CC93B8AC67}.Release|Any CPU.ActiveCfg = Release|Any CPU
		{A9080CAB-066C-429B-B910-F9CC93B8AC67}.Release|Any CPU.Build.0 = Release|Any CPU
		{A9080CAB-066C-429B-B910-F9CC93B8AC67}.Release|x64.ActiveCfg = Release|Any CPU
		{A9080CAB-066C-429B-B910-F9CC93B8AC67}.Release|x86.ActiveCfg = Release|Any CPU
		{6E47E478-C65B-45FA-BAE9-22D957DB6F08}.Debug|Any CPU.ActiveCfg = Debug|Any CPU
		{6E47E478-C65B-45FA-BAE9-22D957DB6F08}.Debug|Any CPU.Build.0 = Debug|Any CPU
		{6E47E478-C65B-45FA-BAE9-22D957DB6F08}.Debug|x64.ActiveCfg = Debug|Any CPU
		{6E47E478-C65B-45FA-BAE9-22D957DB6F08}.Debug|x86.ActiveCfg = Debug|Any CPU
		{6E47E478-C65B-45FA-BAE9-22D957DB6F08}.Release|Any CPU.ActiveCfg = Release|Any CPU
		{6E47E478-C65B-45FA-BAE9-22D957DB6F08}.Release|Any CPU.Build.0 = Release|Any CPU
		{6E47E478-C65B-45FA-BAE9-22D957DB6F08}.Release|x64.ActiveCfg = Release|Any CPU
		{6E47E478-C65B-45FA-BAE9-22D957DB6F08}.Release|x86.ActiveCfg = Release|Any CPU
		{B301967E-99BE-486E-BCEA-C6A9D1CECDDE}.Debug|Any CPU.ActiveCfg = Debug|Any CPU
		{B301967E-99BE-486E-BCEA-C6A9D1CECDDE}.Debug|Any CPU.Build.0 = Debug|Any CPU
		{B301967E-99BE-486E-BCEA-C6A9D1CECDDE}.Debug|x64.ActiveCfg = Debug|Any CPU
		{B301967E-99BE-486E-BCEA-C6A9D1CECDDE}.Debug|x86.ActiveCfg = Debug|Any CPU
		{B301967E-99BE-486E-BCEA-C6A9D1CECDDE}.Release|Any CPU.ActiveCfg = Release|Any CPU
		{B301967E-99BE-486E-BCEA-C6A9D1CECDDE}.Release|Any CPU.Build.0 = Release|Any CPU
		{B301967E-99BE-486E-BCEA-C6A9D1CECDDE}.Release|x64.ActiveCfg = Release|Any CPU
		{B301967E-99BE-486E-BCEA-C6A9D1CECDDE}.Release|x86.ActiveCfg = Release|Any CPU
		{7EFEEDB8-5B1F-4B8A-BC6A-24779B70211D}.Debug|Any CPU.ActiveCfg = Debug|Any CPU
		{7EFEEDB8-5B1F-4B8A-BC6A-24779B70211D}.Debug|Any CPU.Build.0 = Debug|Any CPU
		{7EFEEDB8-5B1F-4B8A-BC6A-24779B70211D}.Debug|x64.ActiveCfg = Debug|Any CPU
		{7EFEEDB8-5B1F-4B8A-BC6A-24779B70211D}.Debug|x86.ActiveCfg = Debug|Any CPU
		{7EFEEDB8-5B1F-4B8A-BC6A-24779B70211D}.Release|Any CPU.ActiveCfg = Release|Any CPU
		{7EFEEDB8-5B1F-4B8A-BC6A-24779B70211D}.Release|Any CPU.Build.0 = Release|Any CPU
		{7EFEEDB8-5B1F-4B8A-BC6A-24779B70211D}.Release|x64.ActiveCfg = Release|Any CPU
		{7EFEEDB8-5B1F-4B8A-BC6A-24779B70211D}.Release|x86.ActiveCfg = Release|Any CPU
		{E05DDD91-06A3-492C-8784-E663361040DD}.Debug|Any CPU.ActiveCfg = Debug|Any CPU
		{E05DDD91-06A3-492C-8784-E663361040DD}.Debug|Any CPU.Build.0 = Debug|Any CPU
		{E05DDD91-06A3-492C-8784-E663361040DD}.Debug|x64.ActiveCfg = Debug|Any CPU
		{E05DDD91-06A3-492C-8784-E663361040DD}.Debug|x86.ActiveCfg = Debug|Any CPU
		{E05DDD91-06A3-492C-8784-E663361040DD}.Release|Any CPU.ActiveCfg = Release|Any CPU
		{E05DDD91-06A3-492C-8784-E663361040DD}.Release|Any CPU.Build.0 = Release|Any CPU
		{E05DDD91-06A3-492C-8784-E663361040DD}.Release|x64.ActiveCfg = Release|Any CPU
		{E05DDD91-06A3-492C-8784-E663361040DD}.Release|x86.ActiveCfg = Release|Any CPU
		{290A83DF-D29B-4EF8-A53C-D89FBCBDFF23}.Debug|Any CPU.ActiveCfg = Debug|Any CPU
		{290A83DF-D29B-4EF8-A53C-D89FBCBDFF23}.Debug|Any CPU.Build.0 = Debug|Any CPU
		{290A83DF-D29B-4EF8-A53C-D89FBCBDFF23}.Debug|x64.ActiveCfg = Debug|Any CPU
		{290A83DF-D29B-4EF8-A53C-D89FBCBDFF23}.Debug|x86.ActiveCfg = Debug|Any CPU
		{290A83DF-D29B-4EF8-A53C-D89FBCBDFF23}.Release|Any CPU.ActiveCfg = Release|Any CPU
		{290A83DF-D29B-4EF8-A53C-D89FBCBDFF23}.Release|Any CPU.Build.0 = Release|Any CPU
		{290A83DF-D29B-4EF8-A53C-D89FBCBDFF23}.Release|x64.ActiveCfg = Release|Any CPU
		{290A83DF-D29B-4EF8-A53C-D89FBCBDFF23}.Release|x86.ActiveCfg = Release|Any CPU
		{1CC31452-42E5-422C-AB07-BB1AE1A3135E}.Debug|Any CPU.ActiveCfg = Debug|Any CPU
		{1CC31452-42E5-422C-AB07-BB1AE1A3135E}.Debug|Any CPU.Build.0 = Debug|Any CPU
		{1CC31452-42E5-422C-AB07-BB1AE1A3135E}.Debug|x64.ActiveCfg = Debug|x64
		{1CC31452-42E5-422C-AB07-BB1AE1A3135E}.Debug|x64.Build.0 = Debug|x64
		{1CC31452-42E5-422C-AB07-BB1AE1A3135E}.Debug|x86.ActiveCfg = Debug|x86
		{1CC31452-42E5-422C-AB07-BB1AE1A3135E}.Debug|x86.Build.0 = Debug|x86
		{1CC31452-42E5-422C-AB07-BB1AE1A3135E}.Release|Any CPU.ActiveCfg = Release|Any CPU
		{1CC31452-42E5-422C-AB07-BB1AE1A3135E}.Release|Any CPU.Build.0 = Release|Any CPU
		{1CC31452-42E5-422C-AB07-BB1AE1A3135E}.Release|x64.ActiveCfg = Release|x64
		{1CC31452-42E5-422C-AB07-BB1AE1A3135E}.Release|x64.Build.0 = Release|x64
		{1CC31452-42E5-422C-AB07-BB1AE1A3135E}.Release|x86.ActiveCfg = Release|x86
		{1CC31452-42E5-422C-AB07-BB1AE1A3135E}.Release|x86.Build.0 = Release|x86
		{74CE9426-3BC8-4709-B23B-8010D5F42965}.Debug|Any CPU.ActiveCfg = Debug|Any CPU
		{74CE9426-3BC8-4709-B23B-8010D5F42965}.Debug|Any CPU.Build.0 = Debug|Any CPU
		{74CE9426-3BC8-4709-B23B-8010D5F42965}.Debug|x64.ActiveCfg = Debug|x64
		{74CE9426-3BC8-4709-B23B-8010D5F42965}.Debug|x64.Build.0 = Debug|x64
		{74CE9426-3BC8-4709-B23B-8010D5F42965}.Debug|x86.ActiveCfg = Debug|x86
		{74CE9426-3BC8-4709-B23B-8010D5F42965}.Debug|x86.Build.0 = Debug|x86
		{74CE9426-3BC8-4709-B23B-8010D5F42965}.Release|Any CPU.ActiveCfg = Release|Any CPU
		{74CE9426-3BC8-4709-B23B-8010D5F42965}.Release|Any CPU.Build.0 = Release|Any CPU
		{74CE9426-3BC8-4709-B23B-8010D5F42965}.Release|x64.ActiveCfg = Release|x64
		{74CE9426-3BC8-4709-B23B-8010D5F42965}.Release|x64.Build.0 = Release|x64
		{74CE9426-3BC8-4709-B23B-8010D5F42965}.Release|x86.ActiveCfg = Release|x86
		{74CE9426-3BC8-4709-B23B-8010D5F42965}.Release|x86.Build.0 = Release|x86
		{8F2BCB8E-B9AA-41CD-B1EB-3446241EDEBE}.Debug|Any CPU.ActiveCfg = Debug|Any CPU
		{8F2BCB8E-B9AA-41CD-B1EB-3446241EDEBE}.Debug|Any CPU.Build.0 = Debug|Any CPU
		{8F2BCB8E-B9AA-41CD-B1EB-3446241EDEBE}.Debug|x64.ActiveCfg = Debug|x64
		{8F2BCB8E-B9AA-41CD-B1EB-3446241EDEBE}.Debug|x64.Build.0 = Debug|x64
		{8F2BCB8E-B9AA-41CD-B1EB-3446241EDEBE}.Debug|x86.ActiveCfg = Debug|x86
		{8F2BCB8E-B9AA-41CD-B1EB-3446241EDEBE}.Debug|x86.Build.0 = Debug|x86
		{8F2BCB8E-B9AA-41CD-B1EB-3446241EDEBE}.Release|Any CPU.ActiveCfg = Release|Any CPU
		{8F2BCB8E-B9AA-41CD-B1EB-3446241EDEBE}.Release|Any CPU.Build.0 = Release|Any CPU
		{8F2BCB8E-B9AA-41CD-B1EB-3446241EDEBE}.Release|x64.ActiveCfg = Release|x64
		{8F2BCB8E-B9AA-41CD-B1EB-3446241EDEBE}.Release|x64.Build.0 = Release|x64
		{8F2BCB8E-B9AA-41CD-B1EB-3446241EDEBE}.Release|x86.ActiveCfg = Release|x86
		{8F2BCB8E-B9AA-41CD-B1EB-3446241EDEBE}.Release|x86.Build.0 = Release|x86
		{DB7F4DDC-FC59-47D5-BDB5-0A1609B91791}.Debug|Any CPU.ActiveCfg = Debug|Any CPU
		{DB7F4DDC-FC59-47D5-BDB5-0A1609B91791}.Debug|Any CPU.Build.0 = Debug|Any CPU
		{DB7F4DDC-FC59-47D5-BDB5-0A1609B91791}.Debug|x64.ActiveCfg = Debug|x64
		{DB7F4DDC-FC59-47D5-BDB5-0A1609B91791}.Debug|x64.Build.0 = Debug|x64
		{DB7F4DDC-FC59-47D5-BDB5-0A1609B91791}.Debug|x86.ActiveCfg = Debug|x86
		{DB7F4DDC-FC59-47D5-BDB5-0A1609B91791}.Debug|x86.Build.0 = Debug|x86
		{DB7F4DDC-FC59-47D5-BDB5-0A1609B91791}.Release|Any CPU.ActiveCfg = Release|Any CPU
		{DB7F4DDC-FC59-47D5-BDB5-0A1609B91791}.Release|Any CPU.Build.0 = Release|Any CPU
		{DB7F4DDC-FC59-47D5-BDB5-0A1609B91791}.Release|x64.ActiveCfg = Release|x64
		{DB7F4DDC-FC59-47D5-BDB5-0A1609B91791}.Release|x64.Build.0 = Release|x64
		{DB7F4DDC-FC59-47D5-BDB5-0A1609B91791}.Release|x86.ActiveCfg = Release|x86
		{DB7F4DDC-FC59-47D5-BDB5-0A1609B91791}.Release|x86.Build.0 = Release|x86
		{C768C880-D891-428D-BCE2-5141071A2497}.Debug|Any CPU.ActiveCfg = Debug|Any CPU
		{C768C880-D891-428D-BCE2-5141071A2497}.Debug|Any CPU.Build.0 = Debug|Any CPU
		{C768C880-D891-428D-BCE2-5141071A2497}.Debug|x64.ActiveCfg = Debug|x64
		{C768C880-D891-428D-BCE2-5141071A2497}.Debug|x64.Build.0 = Debug|x64
		{C768C880-D891-428D-BCE2-5141071A2497}.Debug|x86.ActiveCfg = Debug|x86
		{C768C880-D891-428D-BCE2-5141071A2497}.Debug|x86.Build.0 = Debug|x86
		{C768C880-D891-428D-BCE2-5141071A2497}.Release|Any CPU.ActiveCfg = Release|Any CPU
		{C768C880-D891-428D-BCE2-5141071A2497}.Release|Any CPU.Build.0 = Release|Any CPU
		{C768C880-D891-428D-BCE2-5141071A2497}.Release|x64.ActiveCfg = Release|x64
		{C768C880-D891-428D-BCE2-5141071A2497}.Release|x64.Build.0 = Release|x64
		{C768C880-D891-428D-BCE2-5141071A2497}.Release|x86.ActiveCfg = Release|x86
		{C768C880-D891-428D-BCE2-5141071A2497}.Release|x86.Build.0 = Release|x86
		{84868EFB-9133-4973-B129-408878FE776B}.Debug|Any CPU.ActiveCfg = Debug|Any CPU
		{84868EFB-9133-4973-B129-408878FE776B}.Debug|Any CPU.Build.0 = Debug|Any CPU
		{84868EFB-9133-4973-B129-408878FE776B}.Debug|x64.ActiveCfg = Debug|x64
		{84868EFB-9133-4973-B129-408878FE776B}.Debug|x64.Build.0 = Debug|x64
		{84868EFB-9133-4973-B129-408878FE776B}.Debug|x86.ActiveCfg = Debug|x86
		{84868EFB-9133-4973-B129-408878FE776B}.Debug|x86.Build.0 = Debug|x86
		{84868EFB-9133-4973-B129-408878FE776B}.Release|Any CPU.ActiveCfg = Release|Any CPU
		{84868EFB-9133-4973-B129-408878FE776B}.Release|Any CPU.Build.0 = Release|Any CPU
		{84868EFB-9133-4973-B129-408878FE776B}.Release|x64.ActiveCfg = Release|x64
		{84868EFB-9133-4973-B129-408878FE776B}.Release|x64.Build.0 = Release|x64
		{84868EFB-9133-4973-B129-408878FE776B}.Release|x86.ActiveCfg = Release|x86
		{84868EFB-9133-4973-B129-408878FE776B}.Release|x86.Build.0 = Release|x86
		{E7803289-A2C5-4479-BF8E-39258D5F4E1B}.Debug|Any CPU.ActiveCfg = Debug|Any CPU
		{E7803289-A2C5-4479-BF8E-39258D5F4E1B}.Debug|Any CPU.Build.0 = Debug|Any CPU
		{E7803289-A2C5-4479-BF8E-39258D5F4E1B}.Debug|x64.ActiveCfg = Debug|Any CPU
		{E7803289-A2C5-4479-BF8E-39258D5F4E1B}.Debug|x86.ActiveCfg = Debug|Any CPU
		{E7803289-A2C5-4479-BF8E-39258D5F4E1B}.Release|Any CPU.ActiveCfg = Release|Any CPU
		{E7803289-A2C5-4479-BF8E-39258D5F4E1B}.Release|Any CPU.Build.0 = Release|Any CPU
		{E7803289-A2C5-4479-BF8E-39258D5F4E1B}.Release|x64.ActiveCfg = Release|Any CPU
		{E7803289-A2C5-4479-BF8E-39258D5F4E1B}.Release|x86.ActiveCfg = Release|Any CPU
		{EB58E10C-C427-4E87-AFDC-3D18879C63EC}.Debug|Any CPU.ActiveCfg = Debug|Any CPU
		{EB58E10C-C427-4E87-AFDC-3D18879C63EC}.Debug|Any CPU.Build.0 = Debug|Any CPU
		{EB58E10C-C427-4E87-AFDC-3D18879C63EC}.Debug|x64.ActiveCfg = Debug|x64
		{EB58E10C-C427-4E87-AFDC-3D18879C63EC}.Debug|x64.Build.0 = Debug|x64
		{EB58E10C-C427-4E87-AFDC-3D18879C63EC}.Debug|x86.ActiveCfg = Debug|x86
		{EB58E10C-C427-4E87-AFDC-3D18879C63EC}.Debug|x86.Build.0 = Debug|x86
		{EB58E10C-C427-4E87-AFDC-3D18879C63EC}.Release|Any CPU.ActiveCfg = Release|Any CPU
		{EB58E10C-C427-4E87-AFDC-3D18879C63EC}.Release|Any CPU.Build.0 = Release|Any CPU
		{EB58E10C-C427-4E87-AFDC-3D18879C63EC}.Release|x64.ActiveCfg = Release|x64
		{EB58E10C-C427-4E87-AFDC-3D18879C63EC}.Release|x64.Build.0 = Release|x64
		{EB58E10C-C427-4E87-AFDC-3D18879C63EC}.Release|x86.ActiveCfg = Release|x86
		{EB58E10C-C427-4E87-AFDC-3D18879C63EC}.Release|x86.Build.0 = Release|x86
		{DBD30462-4DC5-452B-B355-FACE8065EF53}.Debug|Any CPU.ActiveCfg = Debug|Any CPU
		{DBD30462-4DC5-452B-B355-FACE8065EF53}.Debug|Any CPU.Build.0 = Debug|Any CPU
		{DBD30462-4DC5-452B-B355-FACE8065EF53}.Debug|x64.ActiveCfg = Debug|x64
		{DBD30462-4DC5-452B-B355-FACE8065EF53}.Debug|x64.Build.0 = Debug|x64
		{DBD30462-4DC5-452B-B355-FACE8065EF53}.Debug|x86.ActiveCfg = Debug|x86
		{DBD30462-4DC5-452B-B355-FACE8065EF53}.Debug|x86.Build.0 = Debug|x86
		{DBD30462-4DC5-452B-B355-FACE8065EF53}.Release|Any CPU.ActiveCfg = Release|Any CPU
		{DBD30462-4DC5-452B-B355-FACE8065EF53}.Release|Any CPU.Build.0 = Release|Any CPU
		{DBD30462-4DC5-452B-B355-FACE8065EF53}.Release|x64.ActiveCfg = Release|x64
		{DBD30462-4DC5-452B-B355-FACE8065EF53}.Release|x64.Build.0 = Release|x64
		{DBD30462-4DC5-452B-B355-FACE8065EF53}.Release|x86.ActiveCfg = Release|x86
		{DBD30462-4DC5-452B-B355-FACE8065EF53}.Release|x86.Build.0 = Release|x86
		{A21BA8EF-AFE7-4F10-86F3-9BFB422C6A6B}.Debug|Any CPU.ActiveCfg = Debug|Any CPU
		{A21BA8EF-AFE7-4F10-86F3-9BFB422C6A6B}.Debug|Any CPU.Build.0 = Debug|Any CPU
		{A21BA8EF-AFE7-4F10-86F3-9BFB422C6A6B}.Debug|x64.ActiveCfg = Debug|x64
		{A21BA8EF-AFE7-4F10-86F3-9BFB422C6A6B}.Debug|x64.Build.0 = Debug|x64
		{A21BA8EF-AFE7-4F10-86F3-9BFB422C6A6B}.Debug|x86.ActiveCfg = Debug|x86
		{A21BA8EF-AFE7-4F10-86F3-9BFB422C6A6B}.Debug|x86.Build.0 = Debug|x86
		{A21BA8EF-AFE7-4F10-86F3-9BFB422C6A6B}.Release|Any CPU.ActiveCfg = Release|Any CPU
		{A21BA8EF-AFE7-4F10-86F3-9BFB422C6A6B}.Release|Any CPU.Build.0 = Release|Any CPU
		{A21BA8EF-AFE7-4F10-86F3-9BFB422C6A6B}.Release|x64.ActiveCfg = Release|x64
		{A21BA8EF-AFE7-4F10-86F3-9BFB422C6A6B}.Release|x64.Build.0 = Release|x64
		{A21BA8EF-AFE7-4F10-86F3-9BFB422C6A6B}.Release|x86.ActiveCfg = Release|x86
		{A21BA8EF-AFE7-4F10-86F3-9BFB422C6A6B}.Release|x86.Build.0 = Release|x86
	EndGlobalSection
	GlobalSection(SolutionProperties) = preSolution
		HideSolutionNode = FALSE
	EndGlobalSection
EndGlobal
